
Microsoft Visual Studio Solution File, Format Version 12.00
# Visual Studio 15
VisualStudioVersion = 15.0.26403.3
MinimumVisualStudioVersion = 10.0.40219.1
Project("{FAE04EC0-301F-11D3-BF4B-00C04F79EFBC}") = "AnZw.NavCodeEditor.Extensions", "AnZw.NavCodeEditor.Extensions\AnZw.NavCodeEditor.Extensions.csproj", "{9515F9B1-2BBA-4EC3-9D1A-443F07EB4851}"
EndProject
Project("{FAE04EC0-301F-11D3-BF4B-00C04F79EFBC}") = "AnZw.NavCodeEditor.Setup", "AnZw.NavCodeEditor.Setup\AnZw.NavCodeEditor.Setup.csproj", "{5F0C8DFF-010E-4AC8-A5C8-3BE5838E6715}"
EndProject
Global
	GlobalSection(SolutionConfigurationPlatforms) = preSolution
		Debug|Any CPU = Debug|Any CPU
		Release|Any CPU = Release|Any CPU
	EndGlobalSection
	GlobalSection(ProjectConfigurationPlatforms) = postSolution
		{9515F9B1-2BBA-4EC3-9D1A-443F07EB4851}.Debug|Any CPU.ActiveCfg = Debug|Any CPU
		{9515F9B1-2BBA-4EC3-9D1A-443F07EB4851}.Debug|Any CPU.Build.0 = Debug|Any CPU
		{9515F9B1-2BBA-4EC3-9D1A-443F07EB4851}.Release|Any CPU.ActiveCfg = Release|Any CPU
		{9515F9B1-2BBA-4EC3-9D1A-443F07EB4851}.Release|Any CPU.Build.0 = Release|Any CPU
		{5F0C8DFF-010E-4AC8-A5C8-3BE5838E6715}.Debug|Any CPU.ActiveCfg = Debug|Any CPU
		{5F0C8DFF-010E-4AC8-A5C8-3BE5838E6715}.Debug|Any CPU.Build.0 = Debug|Any CPU
		{5F0C8DFF-010E-4AC8-A5C8-3BE5838E6715}.Release|Any CPU.ActiveCfg = Release|Any CPU
		{5F0C8DFF-010E-4AC8-A5C8-3BE5838E6715}.Release|Any CPU.Build.0 = Release|Any CPU
	EndGlobalSection
	GlobalSection(SolutionProperties) = preSolution
		HideSolutionNode = FALSE
	EndGlobalSection
EndGlobal
